// !$*UTF8*$!
{
	archiveVersion = 1;
	classes = {
	};
	objectVersion = 56;
	objects = {

/* Begin PBXBuildFile section */
		79F1833534BDED81E76BC751 /* Pods_SportsApp.framework in Frameworks */ = {isa = PBXBuildFile; fileRef = 15275E7005F01CDEBFD85706 /* Pods_SportsApp.framework */; };
		8107C2FC2C6E1B24003DB628 /* LocalLeague.swift in Sources */ = {isa = PBXBuildFile; fileRef = 8107C2FB2C6E1B24003DB628 /* LocalLeague.swift */; };
		8107C31E2C70A9A2003DB628 /* FavuoriteeViewModel.swift in Sources */ = {isa = PBXBuildFile; fileRef = 8107C31D2C70A9A2003DB628 /* FavuoriteeViewModel.swift */; };
		8107C3202C70A9DA003DB628 /* PresistenceManagerProtocol.swift in Sources */ = {isa = PBXBuildFile; fileRef = 8107C31F2C70A9DA003DB628 /* PresistenceManagerProtocol.swift */; };
		8135616D2C68FBFD00DA2BE6 /* AppDelegate.swift in Sources */ = {isa = PBXBuildFile; fileRef = 8135616C2C68FBFD00DA2BE6 /* AppDelegate.swift */; };
		8135616F2C68FBFD00DA2BE6 /* SceneDelegate.swift in Sources */ = {isa = PBXBuildFile; fileRef = 8135616E2C68FBFD00DA2BE6 /* SceneDelegate.swift */; };
		813561712C68FBFD00DA2BE6 /* HomeViewController.swift in Sources */ = {isa = PBXBuildFile; fileRef = 813561702C68FBFD00DA2BE6 /* HomeViewController.swift */; };
		813561742C68FBFD00DA2BE6 /* Main.storyboard in Resources */ = {isa = PBXBuildFile; fileRef = 813561722C68FBFD00DA2BE6 /* Main.storyboard */; };
		813561772C68FBFD00DA2BE6 /* SportsApp.xcdatamodeld in Sources */ = {isa = PBXBuildFile; fileRef = 813561752C68FBFD00DA2BE6 /* SportsApp.xcdatamodeld */; };
		813561792C68FBFF00DA2BE6 /* Assets.xcassets in Resources */ = {isa = PBXBuildFile; fileRef = 813561782C68FBFF00DA2BE6 /* Assets.xcassets */; };
		8135617C2C68FBFF00DA2BE6 /* LaunchScreen.storyboard in Resources */ = {isa = PBXBuildFile; fileRef = 8135617A2C68FBFF00DA2BE6 /* LaunchScreen.storyboard */; };
		813561862C690FB900DA2BE6 /* SportsCell.swift in Sources */ = {isa = PBXBuildFile; fileRef = 813561852C690FB900DA2BE6 /* SportsCell.swift */; };
		81F2209E2C6A91F6000CC84F /* Network.swift in Sources */ = {isa = PBXBuildFile; fileRef = 81F2209D2C6A91F6000CC84F /* Network.swift */; };
		81F220A02C6A9208000CC84F /* URLManger.swift in Sources */ = {isa = PBXBuildFile; fileRef = 81F2209F2C6A9208000CC84F /* URLManger.swift */; };
		81F220A22C6A92AC000CC84F /* NetworkProtocol.swift in Sources */ = {isa = PBXBuildFile; fileRef = 81F220A12C6A92AC000CC84F /* NetworkProtocol.swift */; };
		81F220A42C6A965B000CC84F /* Sprots.swift in Sources */ = {isa = PBXBuildFile; fileRef = 81F220A32C6A965B000CC84F /* Sprots.swift */; };
		81F220A62C6AADF3000CC84F /* SportsViewModel.swift in Sources */ = {isa = PBXBuildFile; fileRef = 81F220A52C6AADF3000CC84F /* SportsViewModel.swift */; };
		81F220A82C6AB962000CC84F /* URLManagerProtocol.swift in Sources */ = {isa = PBXBuildFile; fileRef = 81F220A72C6AB962000CC84F /* URLManagerProtocol.swift */; };
		81F220AD2C6B6F2E000CC84F /* LeaguesVC.swift in Sources */ = {isa = PBXBuildFile; fileRef = 81F220AC2C6B6F2E000CC84F /* LeaguesVC.swift */; };
		81F220AF2C6B6F4D000CC84F /* LeaguesCell.swift in Sources */ = {isa = PBXBuildFile; fileRef = 81F220AE2C6B6F4D000CC84F /* LeaguesCell.swift */; };
		81F220B12C6B7099000CC84F /* Leagues.swift in Sources */ = {isa = PBXBuildFile; fileRef = 81F220B02C6B7099000CC84F /* Leagues.swift */; };
		81F220B32C6B72C4000CC84F /* Responses.swift in Sources */ = {isa = PBXBuildFile; fileRef = 81F220B22C6B72C4000CC84F /* Responses.swift */; };
		81F220B52C6B7374000CC84F /* LeaguesViewModel.swift in Sources */ = {isa = PBXBuildFile; fileRef = 81F220B42C6B7374000CC84F /* LeaguesViewModel.swift */; };
		81F79E412C6CFBC300B0E912 /* FavuoriteVC.swift in Sources */ = {isa = PBXBuildFile; fileRef = 81F79E402C6CFBC300B0E912 /* FavuoriteVC.swift */; };
		81F79E452C6D01FA00B0E912 /* PersistenceManager.swift in Sources */ = {isa = PBXBuildFile; fileRef = 81F79E442C6D01FA00B0E912 /* PersistenceManager.swift */; };
		F410A51D2C6C0C8D00995359 /* UpComingCollectionViewCell.swift in Sources */ = {isa = PBXBuildFile; fileRef = F410A51C2C6C0C8D00995359 /* UpComingCollectionViewCell.swift */; };
		F410A5232C6C0C9C00995359 /* UpComingCollectionViewCell.xib in Resources */ = {isa = PBXBuildFile; fileRef = F410A5202C6C0C9C00995359 /* UpComingCollectionViewCell.xib */; };
		F410A5252C6C0DA000995359 /* TeamCollectionViewCell.swift in Sources */ = {isa = PBXBuildFile; fileRef = F410A5242C6C0DA000995359 /* TeamCollectionViewCell.swift */; };
		F410A5272C6C0DD300995359 /* SectionHeaderCollectionViewCell.swift in Sources */ = {isa = PBXBuildFile; fileRef = F410A5262C6C0DD300995359 /* SectionHeaderCollectionViewCell.swift */; };
		F410A52E2C6C102A00995359 /* TeamDetailsCollectionViewController.swift in Sources */ = {isa = PBXBuildFile; fileRef = F410A52D2C6C102A00995359 /* TeamDetailsCollectionViewController.swift */; };
		F410A5322C6C103600995359 /* TeamBadgeCollectionViewCell.swift in Sources */ = {isa = PBXBuildFile; fileRef = F410A52F2C6C103600995359 /* TeamBadgeCollectionViewCell.swift */; };
		F410A5332C6C103600995359 /* TeamPlayerCollectionViewCell.swift in Sources */ = {isa = PBXBuildFile; fileRef = F410A5302C6C103600995359 /* TeamPlayerCollectionViewCell.swift */; };
		F410A5342C6C103600995359 /* TeamInfoCollectionViewCell.swift in Sources */ = {isa = PBXBuildFile; fileRef = F410A5312C6C103600995359 /* TeamInfoCollectionViewCell.swift */; };
		F410A5362C6C1ED900995359 /* LeagueDetailsViewModel.swift in Sources */ = {isa = PBXBuildFile; fileRef = F410A5352C6C1ED900995359 /* LeagueDetailsViewModel.swift */; };
		F410A5382C6C261B00995359 /* Events.swift in Sources */ = {isa = PBXBuildFile; fileRef = F410A5372C6C261B00995359 /* Events.swift */; };
		F410A57C2C6D152500995359 /* LeagueTeams.swift in Sources */ = {isa = PBXBuildFile; fileRef = F410A57B2C6D152500995359 /* LeagueTeams.swift */; };
		F410A57E2C6D34BF00995359 /* TeamDetailsViewModel.swift in Sources */ = {isa = PBXBuildFile; fileRef = F410A57D2C6D34BF00995359 /* TeamDetailsViewModel.swift */; };
		F410A5802C6D3C0000995359 /* Players.swift in Sources */ = {isa = PBXBuildFile; fileRef = F410A57F2C6D3C0000995359 /* Players.swift */; };
		F410A5822C6D4B9E00995359 /* Teams.swift in Sources */ = {isa = PBXBuildFile; fileRef = F410A5812C6D4B9E00995359 /* Teams.swift */; };
		F420AE562C7133040038EFD8 /* NotFoundCollectionViewCell.xib in Resources */ = {isa = PBXBuildFile; fileRef = F420AE552C7133040038EFD8 /* NotFoundCollectionViewCell.xib */; };
		F420AE572C7133040038EFD8 /* NotFoundCollectionViewCell.swift in Sources */ = {isa = PBXBuildFile; fileRef = F420AE542C7133040038EFD8 /* NotFoundCollectionViewCell.swift */; };
		F420AE5C2C713E590038EFD8 /* LoadingCollectionViewCell.xib in Resources */ = {isa = PBXBuildFile; fileRef = F420AE5B2C713E590038EFD8 /* LoadingCollectionViewCell.xib */; };
		F420AE5D2C713E590038EFD8 /* LoadingCollectionViewCell.swift in Sources */ = {isa = PBXBuildFile; fileRef = F420AE5A2C713E590038EFD8 /* LoadingCollectionViewCell.swift */; };
		F420AE5F2C7142B60038EFD8 /* Coaches.swift in Sources */ = {isa = PBXBuildFile; fileRef = F420AE5E2C7142B60038EFD8 /* Coaches.swift */; };
		F4BF183D2C73AB5D00DDDF50 /* LeagueDetailsViewModelTests.swift in Sources */ = {isa = PBXBuildFile; fileRef = F4BF183C2C73AB5D00DDDF50 /* LeagueDetailsViewModelTests.swift */; };
		F4BF183F2C73E69B00DDDF50 /* TeamDetailsViewModelTests.swift in Sources */ = {isa = PBXBuildFile; fileRef = F4BF183E2C73E69B00DDDF50 /* TeamDetailsViewModelTests.swift */; };
		F4E507732C73241500900159 /* NewLeagueDetailsViewController.swift in Sources */ = {isa = PBXBuildFile; fileRef = F4E507722C73241500900159 /* NewLeagueDetailsViewController.swift */; };
/* End PBXBuildFile section */

/* Begin PBXContainerItemProxy section */
		F4BF18372C73AAC900DDDF50 /* PBXContainerItemProxy */ = {
			isa = PBXContainerItemProxy;
			containerPortal = 813561612C68FBFD00DA2BE6 /* Project object */;
			proxyType = 1;
			remoteGlobalIDString = 813561682C68FBFD00DA2BE6;
			remoteInfo = SportsApp;
		};
/* End PBXContainerItemProxy section */

/* Begin PBXFileReference section */
		15275E7005F01CDEBFD85706 /* Pods_SportsApp.framework */ = {isa = PBXFileReference; explicitFileType = wrapper.framework; includeInIndex = 0; path = Pods_SportsApp.framework; sourceTree = BUILT_PRODUCTS_DIR; };
		1A0A1893F9AA25A7054BA66D /* Pods-SportsApp.debug.xcconfig */ = {isa = PBXFileReference; includeInIndex = 1; lastKnownFileType = text.xcconfig; name = "Pods-SportsApp.debug.xcconfig"; path = "Target Support Files/Pods-SportsApp/Pods-SportsApp.debug.xcconfig"; sourceTree = "<group>"; };
		2ADAFB2EA137776E54800799 /* Pods-SportsApp.release.xcconfig */ = {isa = PBXFileReference; includeInIndex = 1; lastKnownFileType = text.xcconfig; name = "Pods-SportsApp.release.xcconfig"; path = "Target Support Files/Pods-SportsApp/Pods-SportsApp.release.xcconfig"; sourceTree = "<group>"; };
		8107C2FB2C6E1B24003DB628 /* LocalLeague.swift */ = {isa = PBXFileReference; lastKnownFileType = sourcecode.swift; path = LocalLeague.swift; sourceTree = "<group>"; };
		8107C31D2C70A9A2003DB628 /* FavuoriteeViewModel.swift */ = {isa = PBXFileReference; lastKnownFileType = sourcecode.swift; path = FavuoriteeViewModel.swift; sourceTree = "<group>"; };
		8107C31F2C70A9DA003DB628 /* PresistenceManagerProtocol.swift */ = {isa = PBXFileReference; lastKnownFileType = sourcecode.swift; path = PresistenceManagerProtocol.swift; sourceTree = "<group>"; };
		813561692C68FBFD00DA2BE6 /* SportsApp.app */ = {isa = PBXFileReference; explicitFileType = wrapper.application; includeInIndex = 0; path = SportsApp.app; sourceTree = BUILT_PRODUCTS_DIR; };
		8135616C2C68FBFD00DA2BE6 /* AppDelegate.swift */ = {isa = PBXFileReference; lastKnownFileType = sourcecode.swift; path = AppDelegate.swift; sourceTree = "<group>"; };
		8135616E2C68FBFD00DA2BE6 /* SceneDelegate.swift */ = {isa = PBXFileReference; lastKnownFileType = sourcecode.swift; path = SceneDelegate.swift; sourceTree = "<group>"; };
		813561702C68FBFD00DA2BE6 /* HomeViewController.swift */ = {isa = PBXFileReference; lastKnownFileType = sourcecode.swift; path = HomeViewController.swift; sourceTree = "<group>"; };
		813561732C68FBFD00DA2BE6 /* Base */ = {isa = PBXFileReference; lastKnownFileType = file.storyboard; name = Base; path = Base.lproj/Main.storyboard; sourceTree = "<group>"; };
		813561762C68FBFD00DA2BE6 /* SportsApp.xcdatamodel */ = {isa = PBXFileReference; lastKnownFileType = wrapper.xcdatamodel; path = SportsApp.xcdatamodel; sourceTree = "<group>"; };
		813561782C68FBFF00DA2BE6 /* Assets.xcassets */ = {isa = PBXFileReference; lastKnownFileType = folder.assetcatalog; path = Assets.xcassets; sourceTree = "<group>"; };
		8135617B2C68FBFF00DA2BE6 /* Base */ = {isa = PBXFileReference; lastKnownFileType = file.storyboard; name = Base; path = Base.lproj/LaunchScreen.storyboard; sourceTree = "<group>"; };
		8135617D2C68FBFF00DA2BE6 /* Info.plist */ = {isa = PBXFileReference; lastKnownFileType = text.plist.xml; path = Info.plist; sourceTree = "<group>"; };
		813561852C690FB900DA2BE6 /* SportsCell.swift */ = {isa = PBXFileReference; lastKnownFileType = sourcecode.swift; path = SportsCell.swift; sourceTree = "<group>"; };
		81F2209D2C6A91F6000CC84F /* Network.swift */ = {isa = PBXFileReference; lastKnownFileType = sourcecode.swift; path = Network.swift; sourceTree = "<group>"; };
		81F2209F2C6A9208000CC84F /* URLManger.swift */ = {isa = PBXFileReference; lastKnownFileType = sourcecode.swift; path = URLManger.swift; sourceTree = "<group>"; };
		81F220A12C6A92AC000CC84F /* NetworkProtocol.swift */ = {isa = PBXFileReference; lastKnownFileType = sourcecode.swift; path = NetworkProtocol.swift; sourceTree = "<group>"; };
		81F220A32C6A965B000CC84F /* Sprots.swift */ = {isa = PBXFileReference; lastKnownFileType = sourcecode.swift; path = Sprots.swift; sourceTree = "<group>"; };
		81F220A52C6AADF3000CC84F /* SportsViewModel.swift */ = {isa = PBXFileReference; lastKnownFileType = sourcecode.swift; path = SportsViewModel.swift; sourceTree = "<group>"; };
		81F220A72C6AB962000CC84F /* URLManagerProtocol.swift */ = {isa = PBXFileReference; lastKnownFileType = sourcecode.swift; path = URLManagerProtocol.swift; sourceTree = "<group>"; };
		81F220AC2C6B6F2E000CC84F /* LeaguesVC.swift */ = {isa = PBXFileReference; lastKnownFileType = sourcecode.swift; path = LeaguesVC.swift; sourceTree = "<group>"; };
		81F220AE2C6B6F4D000CC84F /* LeaguesCell.swift */ = {isa = PBXFileReference; lastKnownFileType = sourcecode.swift; path = LeaguesCell.swift; sourceTree = "<group>"; };
		81F220B02C6B7099000CC84F /* Leagues.swift */ = {isa = PBXFileReference; lastKnownFileType = sourcecode.swift; path = Leagues.swift; sourceTree = "<group>"; };
		81F220B22C6B72C4000CC84F /* Responses.swift */ = {isa = PBXFileReference; lastKnownFileType = sourcecode.swift; path = Responses.swift; sourceTree = "<group>"; };
		81F220B42C6B7374000CC84F /* LeaguesViewModel.swift */ = {isa = PBXFileReference; lastKnownFileType = sourcecode.swift; path = LeaguesViewModel.swift; sourceTree = "<group>"; };
		81F79E402C6CFBC300B0E912 /* FavuoriteVC.swift */ = {isa = PBXFileReference; lastKnownFileType = sourcecode.swift; name = FavuoriteVC.swift; path = SportsApp/Moduols/Favuoritee/FavuoriteVC.swift; sourceTree = SOURCE_ROOT; };
		81F79E442C6D01FA00B0E912 /* PersistenceManager.swift */ = {isa = PBXFileReference; lastKnownFileType = sourcecode.swift; path = PersistenceManager.swift; sourceTree = "<group>"; };
		F410A51C2C6C0C8D00995359 /* UpComingCollectionViewCell.swift */ = {isa = PBXFileReference; fileEncoding = 4; lastKnownFileType = sourcecode.swift; path = UpComingCollectionViewCell.swift; sourceTree = "<group>"; };
		F410A5202C6C0C9C00995359 /* UpComingCollectionViewCell.xib */ = {isa = PBXFileReference; fileEncoding = 4; lastKnownFileType = file.xib; path = UpComingCollectionViewCell.xib; sourceTree = "<group>"; };
		F410A5242C6C0DA000995359 /* TeamCollectionViewCell.swift */ = {isa = PBXFileReference; fileEncoding = 4; lastKnownFileType = sourcecode.swift; path = TeamCollectionViewCell.swift; sourceTree = "<group>"; };
		F410A5262C6C0DD300995359 /* SectionHeaderCollectionViewCell.swift */ = {isa = PBXFileReference; fileEncoding = 4; lastKnownFileType = sourcecode.swift; path = SectionHeaderCollectionViewCell.swift; sourceTree = "<group>"; };
		F410A52D2C6C102A00995359 /* TeamDetailsCollectionViewController.swift */ = {isa = PBXFileReference; fileEncoding = 4; lastKnownFileType = sourcecode.swift; path = TeamDetailsCollectionViewController.swift; sourceTree = "<group>"; };
		F410A52F2C6C103600995359 /* TeamBadgeCollectionViewCell.swift */ = {isa = PBXFileReference; fileEncoding = 4; lastKnownFileType = sourcecode.swift; path = TeamBadgeCollectionViewCell.swift; sourceTree = "<group>"; };
		F410A5302C6C103600995359 /* TeamPlayerCollectionViewCell.swift */ = {isa = PBXFileReference; fileEncoding = 4; lastKnownFileType = sourcecode.swift; path = TeamPlayerCollectionViewCell.swift; sourceTree = "<group>"; };
		F410A5312C6C103600995359 /* TeamInfoCollectionViewCell.swift */ = {isa = PBXFileReference; fileEncoding = 4; lastKnownFileType = sourcecode.swift; path = TeamInfoCollectionViewCell.swift; sourceTree = "<group>"; };
		F410A5352C6C1ED900995359 /* LeagueDetailsViewModel.swift */ = {isa = PBXFileReference; lastKnownFileType = sourcecode.swift; path = LeagueDetailsViewModel.swift; sourceTree = "<group>"; };
		F410A5372C6C261B00995359 /* Events.swift */ = {isa = PBXFileReference; lastKnownFileType = sourcecode.swift; path = Events.swift; sourceTree = "<group>"; };
		F410A57B2C6D152500995359 /* LeagueTeams.swift */ = {isa = PBXFileReference; lastKnownFileType = sourcecode.swift; path = LeagueTeams.swift; sourceTree = "<group>"; };
		F410A57D2C6D34BF00995359 /* TeamDetailsViewModel.swift */ = {isa = PBXFileReference; lastKnownFileType = sourcecode.swift; path = TeamDetailsViewModel.swift; sourceTree = "<group>"; };
		F410A57F2C6D3C0000995359 /* Players.swift */ = {isa = PBXFileReference; lastKnownFileType = sourcecode.swift; path = Players.swift; sourceTree = "<group>"; };
		F410A5812C6D4B9E00995359 /* Teams.swift */ = {isa = PBXFileReference; lastKnownFileType = sourcecode.swift; path = Teams.swift; sourceTree = "<group>"; };
		F420AE542C7133040038EFD8 /* NotFoundCollectionViewCell.swift */ = {isa = PBXFileReference; lastKnownFileType = sourcecode.swift; path = NotFoundCollectionViewCell.swift; sourceTree = "<group>"; };
		F420AE552C7133040038EFD8 /* NotFoundCollectionViewCell.xib */ = {isa = PBXFileReference; lastKnownFileType = file.xib; path = NotFoundCollectionViewCell.xib; sourceTree = "<group>"; };
		F420AE5A2C713E590038EFD8 /* LoadingCollectionViewCell.swift */ = {isa = PBXFileReference; lastKnownFileType = sourcecode.swift; path = LoadingCollectionViewCell.swift; sourceTree = "<group>"; };
		F420AE5B2C713E590038EFD8 /* LoadingCollectionViewCell.xib */ = {isa = PBXFileReference; lastKnownFileType = file.xib; path = LoadingCollectionViewCell.xib; sourceTree = "<group>"; };
		F420AE5E2C7142B60038EFD8 /* Coaches.swift */ = {isa = PBXFileReference; lastKnownFileType = sourcecode.swift; path = Coaches.swift; sourceTree = "<group>"; };
		F4BF18332C73AAC900DDDF50 /* SportsAppTests.xctest */ = {isa = PBXFileReference; explicitFileType = wrapper.cfbundle; includeInIndex = 0; path = SportsAppTests.xctest; sourceTree = BUILT_PRODUCTS_DIR; };
		F4BF183C2C73AB5D00DDDF50 /* LeagueDetailsViewModelTests.swift */ = {isa = PBXFileReference; lastKnownFileType = sourcecode.swift; path = LeagueDetailsViewModelTests.swift; sourceTree = "<group>"; };
		F4BF183E2C73E69B00DDDF50 /* TeamDetailsViewModelTests.swift */ = {isa = PBXFileReference; lastKnownFileType = sourcecode.swift; path = TeamDetailsViewModelTests.swift; sourceTree = "<group>"; };
		F4E507722C73241500900159 /* NewLeagueDetailsViewController.swift */ = {isa = PBXFileReference; lastKnownFileType = sourcecode.swift; path = NewLeagueDetailsViewController.swift; sourceTree = "<group>"; };
/* End PBXFileReference section */

/* Begin PBXFrameworksBuildPhase section */
		813561662C68FBFD00DA2BE6 /* Frameworks */ = {
			isa = PBXFrameworksBuildPhase;
			buildActionMask = 2147483647;
			files = (
				79F1833534BDED81E76BC751 /* Pods_SportsApp.framework in Frameworks */,
			);
			runOnlyForDeploymentPostprocessing = 0;
		};
		F4BF18302C73AAC900DDDF50 /* Frameworks */ = {
			isa = PBXFrameworksBuildPhase;
			buildActionMask = 2147483647;
			files = (
			);
			runOnlyForDeploymentPostprocessing = 0;
		};
/* End PBXFrameworksBuildPhase section */

/* Begin PBXGroup section */
		49E5B66856356DA93BCEBD50 /* Pods */ = {
			isa = PBXGroup;
			children = (
				1A0A1893F9AA25A7054BA66D /* Pods-SportsApp.debug.xcconfig */,
				2ADAFB2EA137776E54800799 /* Pods-SportsApp.release.xcconfig */,
			);
			path = Pods;
			sourceTree = "<group>";
		};
		8107C31C2C70A986003DB628 /* Favuoritee */ = {
			isa = PBXGroup;
			children = (
				81F79E402C6CFBC300B0E912 /* FavuoriteVC.swift */,
				8107C31D2C70A9A2003DB628 /* FavuoriteeViewModel.swift */,
			);
			path = Favuoritee;
			sourceTree = "<group>";
		};
		813561602C68FBFD00DA2BE6 = {
			isa = PBXGroup;
			children = (
				8135616B2C68FBFD00DA2BE6 /* SportsApp */,
				F4BF18342C73AAC900DDDF50 /* SportsAppTests */,
				8135616A2C68FBFD00DA2BE6 /* Products */,
				49E5B66856356DA93BCEBD50 /* Pods */,
				8F497E85923AAC8F1E0951C4 /* Frameworks */,
			);
			sourceTree = "<group>";
		};
		8135616A2C68FBFD00DA2BE6 /* Products */ = {
			isa = PBXGroup;
			children = (
				813561692C68FBFD00DA2BE6 /* SportsApp.app */,
				F4BF18332C73AAC900DDDF50 /* SportsAppTests.xctest */,
			);
			name = Products;
			sourceTree = "<group>";
		};
		8135616B2C68FBFD00DA2BE6 /* SportsApp */ = {
			isa = PBXGroup;
			children = (
				81F2209C2C6A8998000CC84F /* Model */,
				81F220982C6A88E2000CC84F /* Services */,
				81F220972C6A887C000CC84F /* View */,
				81F220902C6A87FF000CC84F /* Moduols */,
				8135616C2C68FBFD00DA2BE6 /* AppDelegate.swift */,
				8135616E2C68FBFD00DA2BE6 /* SceneDelegate.swift */,
				813561782C68FBFF00DA2BE6 /* Assets.xcassets */,
				8135617D2C68FBFF00DA2BE6 /* Info.plist */,
			);
			path = SportsApp;
			sourceTree = "<group>";
		};
		81F220902C6A87FF000CC84F /* Moduols */ = {
			isa = PBXGroup;
			children = (
				8107C31C2C70A986003DB628 /* Favuoritee */,
				F410A5282C6C0EF900995359 /* TeamDetails */,
				F410A5172C6C05D500995359 /* leagueDetails */,
				81F220A92C6B6ECA000CC84F /* Leagues */,
				81F220922C6A8837000CC84F /* Home */,
			);
			path = Moduols;
			sourceTree = "<group>";
		};
		81F220922C6A8837000CC84F /* Home */ = {
			isa = PBXGroup;
			children = (
				81F220952C6A8858000CC84F /* ViewModel */,
				81F220942C6A8850000CC84F /* View */,
			);
			path = Home;
			sourceTree = "<group>";
		};
		81F220942C6A8850000CC84F /* View */ = {
			isa = PBXGroup;
			children = (
				813561852C690FB900DA2BE6 /* SportsCell.swift */,
				813561702C68FBFD00DA2BE6 /* HomeViewController.swift */,
			);
			path = View;
			sourceTree = "<group>";
		};
		81F220952C6A8858000CC84F /* ViewModel */ = {
			isa = PBXGroup;
			children = (
				81F220A52C6AADF3000CC84F /* SportsViewModel.swift */,
			);
			path = ViewModel;
			sourceTree = "<group>";
		};
		81F220972C6A887C000CC84F /* View */ = {
			isa = PBXGroup;
			children = (
				8135617A2C68FBFF00DA2BE6 /* LaunchScreen.storyboard */,
				813561722C68FBFD00DA2BE6 /* Main.storyboard */,
				F420AE5A2C713E590038EFD8 /* LoadingCollectionViewCell.swift */,
				F420AE5B2C713E590038EFD8 /* LoadingCollectionViewCell.xib */,
				F420AE542C7133040038EFD8 /* NotFoundCollectionViewCell.swift */,
				F420AE552C7133040038EFD8 /* NotFoundCollectionViewCell.xib */,
			);
			path = View;
			sourceTree = "<group>";
		};
		81F220982C6A88E2000CC84F /* Services */ = {
			isa = PBXGroup;
			children = (
				81F2209B2C6A8934000CC84F /* Local */,
				81F220992C6A88F8000CC84F /* Remote */,
			);
			path = Services;
			sourceTree = "<group>";
		};
		81F220992C6A88F8000CC84F /* Remote */ = {
			isa = PBXGroup;
			children = (
				81F220A12C6A92AC000CC84F /* NetworkProtocol.swift */,
				81F2209D2C6A91F6000CC84F /* Network.swift */,
				81F2209F2C6A9208000CC84F /* URLManger.swift */,
				81F220A72C6AB962000CC84F /* URLManagerProtocol.swift */,
			);
			path = Remote;
			sourceTree = "<group>";
		};
		81F2209A2C6A892D000CC84F /* DB */ = {
			isa = PBXGroup;
			children = (
				813561752C68FBFD00DA2BE6 /* SportsApp.xcdatamodeld */,
				8107C31F2C70A9DA003DB628 /* PresistenceManagerProtocol.swift */,
				81F79E442C6D01FA00B0E912 /* PersistenceManager.swift */,
			);
			path = DB;
			sourceTree = "<group>";
		};
		81F2209B2C6A8934000CC84F /* Local */ = {
			isa = PBXGroup;
			children = (
				81F2209A2C6A892D000CC84F /* DB */,
			);
			path = Local;
			sourceTree = "<group>";
		};
		81F2209C2C6A8998000CC84F /* Model */ = {
			isa = PBXGroup;
			children = (
				81F220A32C6A965B000CC84F /* Sprots.swift */,
				81F220B02C6B7099000CC84F /* Leagues.swift */,
				81F220B22C6B72C4000CC84F /* Responses.swift */,
				F410A5372C6C261B00995359 /* Events.swift */,
				F410A57B2C6D152500995359 /* LeagueTeams.swift */,
				F410A5812C6D4B9E00995359 /* Teams.swift */,
				F410A57F2C6D3C0000995359 /* Players.swift */,
				8107C2FB2C6E1B24003DB628 /* LocalLeague.swift */,
				F420AE5E2C7142B60038EFD8 /* Coaches.swift */,
			);
			path = Model;
			sourceTree = "<group>";
		};
		81F220A92C6B6ECA000CC84F /* Leagues */ = {
			isa = PBXGroup;
			children = (
				81F220AB2C6B6EE1000CC84F /* ViewModel */,
				81F220AA2C6B6ED9000CC84F /* View */,
			);
			path = Leagues;
			sourceTree = "<group>";
		};
		81F220AA2C6B6ED9000CC84F /* View */ = {
			isa = PBXGroup;
			children = (
				81F220AC2C6B6F2E000CC84F /* LeaguesVC.swift */,
				81F220AE2C6B6F4D000CC84F /* LeaguesCell.swift */,
			);
			path = View;
			sourceTree = "<group>";
		};
		81F220AB2C6B6EE1000CC84F /* ViewModel */ = {
			isa = PBXGroup;
			children = (
				81F220B42C6B7374000CC84F /* LeaguesViewModel.swift */,
			);
			path = ViewModel;
			sourceTree = "<group>";
		};
		8F497E85923AAC8F1E0951C4 /* Frameworks */ = {
			isa = PBXGroup;
			children = (
				15275E7005F01CDEBFD85706 /* Pods_SportsApp.framework */,
			);
			name = Frameworks;
			sourceTree = "<group>";
		};
		F410A5172C6C05D500995359 /* leagueDetails */ = {
			isa = PBXGroup;
			children = (
				F410A5192C6C05FE00995359 /* viewModel */,
				F410A5182C6C05EE00995359 /* view */,
			);
			path = leagueDetails;
			sourceTree = "<group>";
		};
		F410A5182C6C05EE00995359 /* view */ = {
			isa = PBXGroup;
			children = (
				F410A5262C6C0DD300995359 /* SectionHeaderCollectionViewCell.swift */,
				F410A5242C6C0DA000995359 /* TeamCollectionViewCell.swift */,
				F410A5202C6C0C9C00995359 /* UpComingCollectionViewCell.xib */,
				F410A51C2C6C0C8D00995359 /* UpComingCollectionViewCell.swift */,
				F4E507722C73241500900159 /* NewLeagueDetailsViewController.swift */,
			);
			path = view;
			sourceTree = "<group>";
		};
		F410A5192C6C05FE00995359 /* viewModel */ = {
			isa = PBXGroup;
			children = (
				F410A5352C6C1ED900995359 /* LeagueDetailsViewModel.swift */,
			);
			path = viewModel;
			sourceTree = "<group>";
		};
		F410A5282C6C0EF900995359 /* TeamDetails */ = {
			isa = PBXGroup;
			children = (
				F410A52C2C6C0F9700995359 /* viewModel */,
				F410A52B2C6C0F8D00995359 /* view */,
			);
			path = TeamDetails;
			sourceTree = "<group>";
		};
		F410A52B2C6C0F8D00995359 /* view */ = {
			isa = PBXGroup;
			children = (
				F410A52F2C6C103600995359 /* TeamBadgeCollectionViewCell.swift */,
				F410A5312C6C103600995359 /* TeamInfoCollectionViewCell.swift */,
				F410A5302C6C103600995359 /* TeamPlayerCollectionViewCell.swift */,
				F410A52D2C6C102A00995359 /* TeamDetailsCollectionViewController.swift */,
			);
			path = view;
			sourceTree = "<group>";
		};
		F410A52C2C6C0F9700995359 /* viewModel */ = {
			isa = PBXGroup;
			children = (
				F410A57D2C6D34BF00995359 /* TeamDetailsViewModel.swift */,
			);
			path = viewModel;
			sourceTree = "<group>";
		};
		F4BF18342C73AAC900DDDF50 /* SportsAppTests */ = {
			isa = PBXGroup;
			children = (
				F4BF183C2C73AB5D00DDDF50 /* LeagueDetailsViewModelTests.swift */,
				F4BF183E2C73E69B00DDDF50 /* TeamDetailsViewModelTests.swift */,
			);
			path = SportsAppTests;
			sourceTree = "<group>";
		};
/* End PBXGroup section */

/* Begin PBXNativeTarget section */
		813561682C68FBFD00DA2BE6 /* SportsApp */ = {
			isa = PBXNativeTarget;
			buildConfigurationList = 813561802C68FBFF00DA2BE6 /* Build configuration list for PBXNativeTarget "SportsApp" */;
			buildPhases = (
				DB693E9F3A6C9C6A2FBB53E2 /* [CP] Check Pods Manifest.lock */,
				813561652C68FBFD00DA2BE6 /* Sources */,
				813561662C68FBFD00DA2BE6 /* Frameworks */,
				813561672C68FBFD00DA2BE6 /* Resources */,
				9913974EE92EC412AF13644C /* [CP] Embed Pods Frameworks */,
			);
			buildRules = (
			);
			dependencies = (
			);
			name = SportsApp;
			productName = SportsApp;
			productReference = 813561692C68FBFD00DA2BE6 /* SportsApp.app */;
			productType = "com.apple.product-type.application";
		};
		F4BF18322C73AAC900DDDF50 /* SportsAppTests */ = {
			isa = PBXNativeTarget;
			buildConfigurationList = F4BF183B2C73AAC900DDDF50 /* Build configuration list for PBXNativeTarget "SportsAppTests" */;
			buildPhases = (
				F4BF182F2C73AAC900DDDF50 /* Sources */,
				F4BF18302C73AAC900DDDF50 /* Frameworks */,
				F4BF18312C73AAC900DDDF50 /* Resources */,
			);
			buildRules = (
			);
			dependencies = (
				F4BF18382C73AAC900DDDF50 /* PBXTargetDependency */,
			);
			name = SportsAppTests;
			productName = SportsAppTests;
			productReference = F4BF18332C73AAC900DDDF50 /* SportsAppTests.xctest */;
			productType = "com.apple.product-type.bundle.unit-test";
		};
/* End PBXNativeTarget section */

/* Begin PBXProject section */
		813561612C68FBFD00DA2BE6 /* Project object */ = {
			isa = PBXProject;
			attributes = {
				BuildIndependentTargetsInParallel = 1;
				LastSwiftUpdateCheck = 1540;
				LastUpgradeCheck = 1430;
				TargetAttributes = {
					813561682C68FBFD00DA2BE6 = {
						CreatedOnToolsVersion = 14.3.1;
					};
					F4BF18322C73AAC900DDDF50 = {
						CreatedOnToolsVersion = 15.4;
						TestTargetID = 813561682C68FBFD00DA2BE6;
					};
				};
			};
			buildConfigurationList = 813561642C68FBFD00DA2BE6 /* Build configuration list for PBXProject "SportsApp" */;
			compatibilityVersion = "Xcode 14.0";
			developmentRegion = en;
			hasScannedForEncodings = 0;
			knownRegions = (
				en,
				Base,
			);
			mainGroup = 813561602C68FBFD00DA2BE6;
			productRefGroup = 8135616A2C68FBFD00DA2BE6 /* Products */;
			projectDirPath = "";
			projectRoot = "";
			targets = (
				813561682C68FBFD00DA2BE6 /* SportsApp */,
				F4BF18322C73AAC900DDDF50 /* SportsAppTests */,
			);
		};
/* End PBXProject section */

/* Begin PBXResourcesBuildPhase section */
		813561672C68FBFD00DA2BE6 /* Resources */ = {
			isa = PBXResourcesBuildPhase;
			buildActionMask = 2147483647;
			files = (
				F410A5232C6C0C9C00995359 /* UpComingCollectionViewCell.xib in Resources */,
				8135617C2C68FBFF00DA2BE6 /* LaunchScreen.storyboard in Resources */,
				813561792C68FBFF00DA2BE6 /* Assets.xcassets in Resources */,
				F420AE5C2C713E590038EFD8 /* LoadingCollectionViewCell.xib in Resources */,
				813561742C68FBFD00DA2BE6 /* Main.storyboard in Resources */,
				F420AE562C7133040038EFD8 /* NotFoundCollectionViewCell.xib in Resources */,
			);
			runOnlyForDeploymentPostprocessing = 0;
		};
		F4BF18312C73AAC900DDDF50 /* Resources */ = {
			isa = PBXResourcesBuildPhase;
			buildActionMask = 2147483647;
			files = (
			);
			runOnlyForDeploymentPostprocessing = 0;
		};
/* End PBXResourcesBuildPhase section */

/* Begin PBXShellScriptBuildPhase section */
		9913974EE92EC412AF13644C /* [CP] Embed Pods Frameworks */ = {
			isa = PBXShellScriptBuildPhase;
			buildActionMask = 2147483647;
			files = (
			);
			inputFileListPaths = (
				"${PODS_ROOT}/Target Support Files/Pods-SportsApp/Pods-SportsApp-frameworks-${CONFIGURATION}-input-files.xcfilelist",
			);
			name = "[CP] Embed Pods Frameworks";
			outputFileListPaths = (
				"${PODS_ROOT}/Target Support Files/Pods-SportsApp/Pods-SportsApp-frameworks-${CONFIGURATION}-output-files.xcfilelist",
			);
			runOnlyForDeploymentPostprocessing = 0;
			shellPath = /bin/sh;
			shellScript = "\"${PODS_ROOT}/Target Support Files/Pods-SportsApp/Pods-SportsApp-frameworks.sh\"\n";
			showEnvVarsInLog = 0;
		};
		DB693E9F3A6C9C6A2FBB53E2 /* [CP] Check Pods Manifest.lock */ = {
			isa = PBXShellScriptBuildPhase;
			buildActionMask = 2147483647;
			files = (
			);
			inputFileListPaths = (
			);
			inputPaths = (
				"${PODS_PODFILE_DIR_PATH}/Podfile.lock",
				"${PODS_ROOT}/Manifest.lock",
			);
			name = "[CP] Check Pods Manifest.lock";
			outputFileListPaths = (
			);
			outputPaths = (
				"$(DERIVED_FILE_DIR)/Pods-SportsApp-checkManifestLockResult.txt",
			);
			runOnlyForDeploymentPostprocessing = 0;
			shellPath = /bin/sh;
			shellScript = "diff \"${PODS_PODFILE_DIR_PATH}/Podfile.lock\" \"${PODS_ROOT}/Manifest.lock\" > /dev/null\nif [ $? != 0 ] ; then\n    # print error to STDERR\n    echo \"error: The sandbox is not in sync with the Podfile.lock. Run 'pod install' or update your CocoaPods installation.\" >&2\n    exit 1\nfi\n# This output is used by Xcode 'outputs' to avoid re-running this script phase.\necho \"SUCCESS\" > \"${SCRIPT_OUTPUT_FILE_0}\"\n";
			showEnvVarsInLog = 0;
		};
/* End PBXShellScriptBuildPhase section */

/* Begin PBXSourcesBuildPhase section */
		813561652C68FBFD00DA2BE6 /* Sources */ = {
			isa = PBXSourcesBuildPhase;
			buildActionMask = 2147483647;
			files = (
				F410A5382C6C261B00995359 /* Events.swift in Sources */,
				8107C3202C70A9DA003DB628 /* PresistenceManagerProtocol.swift in Sources */,
				81F220B32C6B72C4000CC84F /* Responses.swift in Sources */,
				81F220AF2C6B6F4D000CC84F /* LeaguesCell.swift in Sources */,
				813561712C68FBFD00DA2BE6 /* HomeViewController.swift in Sources */,
				81F220B52C6B7374000CC84F /* LeaguesViewModel.swift in Sources */,
				F410A5272C6C0DD300995359 /* SectionHeaderCollectionViewCell.swift in Sources */,
				81F220AD2C6B6F2E000CC84F /* LeaguesVC.swift in Sources */,
				813561862C690FB900DA2BE6 /* SportsCell.swift in Sources */,
				81F220A02C6A9208000CC84F /* URLManger.swift in Sources */,
				F410A57E2C6D34BF00995359 /* TeamDetailsViewModel.swift in Sources */,
				F410A51D2C6C0C8D00995359 /* UpComingCollectionViewCell.swift in Sources */,
				81F2209E2C6A91F6000CC84F /* Network.swift in Sources */,
				F420AE5F2C7142B60038EFD8 /* Coaches.swift in Sources */,
				81F220A42C6A965B000CC84F /* Sprots.swift in Sources */,
				81F220A62C6AADF3000CC84F /* SportsViewModel.swift in Sources */,
				F4E507732C73241500900159 /* NewLeagueDetailsViewController.swift in Sources */,
				F410A5322C6C103600995359 /* TeamBadgeCollectionViewCell.swift in Sources */,
				8107C2FC2C6E1B24003DB628 /* LocalLeague.swift in Sources */,
				8107C31E2C70A9A2003DB628 /* FavuoriteeViewModel.swift in Sources */,
				81F220A22C6A92AC000CC84F /* NetworkProtocol.swift in Sources */,
				F420AE5D2C713E590038EFD8 /* LoadingCollectionViewCell.swift in Sources */,
				F410A5362C6C1ED900995359 /* LeagueDetailsViewModel.swift in Sources */,
				81F220A82C6AB962000CC84F /* URLManagerProtocol.swift in Sources */,
				F420AE572C7133040038EFD8 /* NotFoundCollectionViewCell.swift in Sources */,
				F410A57C2C6D152500995359 /* LeagueTeams.swift in Sources */,
				81F220B12C6B7099000CC84F /* Leagues.swift in Sources */,
				8135616D2C68FBFD00DA2BE6 /* AppDelegate.swift in Sources */,
				F410A5802C6D3C0000995359 /* Players.swift in Sources */,
				F410A5342C6C103600995359 /* TeamInfoCollectionViewCell.swift in Sources */,
				81F79E452C6D01FA00B0E912 /* PersistenceManager.swift in Sources */,
				F410A5252C6C0DA000995359 /* TeamCollectionViewCell.swift in Sources */,
				F410A5332C6C103600995359 /* TeamPlayerCollectionViewCell.swift in Sources */,
				F410A52E2C6C102A00995359 /* TeamDetailsCollectionViewController.swift in Sources */,
				F410A5822C6D4B9E00995359 /* Teams.swift in Sources */,
				813561772C68FBFD00DA2BE6 /* SportsApp.xcdatamodeld in Sources */,
				81F79E412C6CFBC300B0E912 /* FavuoriteVC.swift in Sources */,
				8135616F2C68FBFD00DA2BE6 /* SceneDelegate.swift in Sources */,
			);
			runOnlyForDeploymentPostprocessing = 0;
		};
		F4BF182F2C73AAC900DDDF50 /* Sources */ = {
			isa = PBXSourcesBuildPhase;
			buildActionMask = 2147483647;
			files = (
				F4BF183F2C73E69B00DDDF50 /* TeamDetailsViewModelTests.swift in Sources */,
				F4BF183D2C73AB5D00DDDF50 /* LeagueDetailsViewModelTests.swift in Sources */,
			);
			runOnlyForDeploymentPostprocessing = 0;
		};
/* End PBXSourcesBuildPhase section */

/* Begin PBXTargetDependency section */
		F4BF18382C73AAC900DDDF50 /* PBXTargetDependency */ = {
			isa = PBXTargetDependency;
			target = 813561682C68FBFD00DA2BE6 /* SportsApp */;
			targetProxy = F4BF18372C73AAC900DDDF50 /* PBXContainerItemProxy */;
		};
/* End PBXTargetDependency section */

/* Begin PBXVariantGroup section */
		813561722C68FBFD00DA2BE6 /* Main.storyboard */ = {
			isa = PBXVariantGroup;
			children = (
				813561732C68FBFD00DA2BE6 /* Base */,
			);
			name = Main.storyboard;
			sourceTree = "<group>";
		};
		8135617A2C68FBFF00DA2BE6 /* LaunchScreen.storyboard */ = {
			isa = PBXVariantGroup;
			children = (
				8135617B2C68FBFF00DA2BE6 /* Base */,
			);
			name = LaunchScreen.storyboard;
			sourceTree = "<group>";
		};
/* End PBXVariantGroup section */

/* Begin XCBuildConfiguration section */
		8135617E2C68FBFF00DA2BE6 /* Debug */ = {
			isa = XCBuildConfiguration;
			buildSettings = {
				ALWAYS_SEARCH_USER_PATHS = NO;
				CLANG_ANALYZER_NONNULL = YES;
				CLANG_ANALYZER_NUMBER_OBJECT_CONVERSION = YES_AGGRESSIVE;
				CLANG_CXX_LANGUAGE_STANDARD = "gnu++20";
				CLANG_ENABLE_MODULES = YES;
				CLANG_ENABLE_OBJC_ARC = YES;
				CLANG_ENABLE_OBJC_WEAK = YES;
				CLANG_WARN_BLOCK_CAPTURE_AUTORELEASING = YES;
				CLANG_WARN_BOOL_CONVERSION = YES;
				CLANG_WARN_COMMA = YES;
				CLANG_WARN_CONSTANT_CONVERSION = YES;
				CLANG_WARN_DEPRECATED_OBJC_IMPLEMENTATIONS = YES;
				CLANG_WARN_DIRECT_OBJC_ISA_USAGE = YES_ERROR;
				CLANG_WARN_DOCUMENTATION_COMMENTS = YES;
				CLANG_WARN_EMPTY_BODY = YES;
				CLANG_WARN_ENUM_CONVERSION = YES;
				CLANG_WARN_INFINITE_RECURSION = YES;
				CLANG_WARN_INT_CONVERSION = YES;
				CLANG_WARN_NON_LITERAL_NULL_CONVERSION = YES;
				CLANG_WARN_OBJC_IMPLICIT_RETAIN_SELF = YES;
				CLANG_WARN_OBJC_LITERAL_CONVERSION = YES;
				CLANG_WARN_OBJC_ROOT_CLASS = YES_ERROR;
				CLANG_WARN_QUOTED_INCLUDE_IN_FRAMEWORK_HEADER = YES;
				CLANG_WARN_RANGE_LOOP_ANALYSIS = YES;
				CLANG_WARN_STRICT_PROTOTYPES = YES;
				CLANG_WARN_SUSPICIOUS_MOVE = YES;
				CLANG_WARN_UNGUARDED_AVAILABILITY = YES_AGGRESSIVE;
				CLANG_WARN_UNREACHABLE_CODE = YES;
				CLANG_WARN__DUPLICATE_METHOD_MATCH = YES;
				COPY_PHASE_STRIP = NO;
				DEBUG_INFORMATION_FORMAT = dwarf;
				ENABLE_STRICT_OBJC_MSGSEND = YES;
				ENABLE_TESTABILITY = YES;
				GCC_C_LANGUAGE_STANDARD = gnu11;
				GCC_DYNAMIC_NO_PIC = NO;
				GCC_NO_COMMON_BLOCKS = YES;
				GCC_OPTIMIZATION_LEVEL = 0;
				GCC_PREPROCESSOR_DEFINITIONS = (
					"DEBUG=1",
					"$(inherited)",
				);
				GCC_WARN_64_TO_32_BIT_CONVERSION = YES;
				GCC_WARN_ABOUT_RETURN_TYPE = YES_ERROR;
				GCC_WARN_UNDECLARED_SELECTOR = YES;
				GCC_WARN_UNINITIALIZED_AUTOS = YES_AGGRESSIVE;
				GCC_WARN_UNUSED_FUNCTION = YES;
				GCC_WARN_UNUSED_VARIABLE = YES;
				IPHONEOS_DEPLOYMENT_TARGET = 16.4;
				MTL_ENABLE_DEBUG_INFO = INCLUDE_SOURCE;
				MTL_FAST_MATH = YES;
				ONLY_ACTIVE_ARCH = YES;
				SDKROOT = iphoneos;
				SWIFT_ACTIVE_COMPILATION_CONDITIONS = DEBUG;
				SWIFT_OPTIMIZATION_LEVEL = "-Onone";
			};
			name = Debug;
		};
		8135617F2C68FBFF00DA2BE6 /* Release */ = {
			isa = XCBuildConfiguration;
			buildSettings = {
				ALWAYS_SEARCH_USER_PATHS = NO;
				CLANG_ANALYZER_NONNULL = YES;
				CLANG_ANALYZER_NUMBER_OBJECT_CONVERSION = YES_AGGRESSIVE;
				CLANG_CXX_LANGUAGE_STANDARD = "gnu++20";
				CLANG_ENABLE_MODULES = YES;
				CLANG_ENABLE_OBJC_ARC = YES;
				CLANG_ENABLE_OBJC_WEAK = YES;
				CLANG_WARN_BLOCK_CAPTURE_AUTORELEASING = YES;
				CLANG_WARN_BOOL_CONVERSION = YES;
				CLANG_WARN_COMMA = YES;
				CLANG_WARN_CONSTANT_CONVERSION = YES;
				CLANG_WARN_DEPRECATED_OBJC_IMPLEMENTATIONS = YES;
				CLANG_WARN_DIRECT_OBJC_ISA_USAGE = YES_ERROR;
				CLANG_WARN_DOCUMENTATION_COMMENTS = YES;
				CLANG_WARN_EMPTY_BODY = YES;
				CLANG_WARN_ENUM_CONVERSION = YES;
				CLANG_WARN_INFINITE_RECURSION = YES;
				CLANG_WARN_INT_CONVERSION = YES;
				CLANG_WARN_NON_LITERAL_NULL_CONVERSION = YES;
				CLANG_WARN_OBJC_IMPLICIT_RETAIN_SELF = YES;
				CLANG_WARN_OBJC_LITERAL_CONVERSION = YES;
				CLANG_WARN_OBJC_ROOT_CLASS = YES_ERROR;
				CLANG_WARN_QUOTED_INCLUDE_IN_FRAMEWORK_HEADER = YES;
				CLANG_WARN_RANGE_LOOP_ANALYSIS = YES;
				CLANG_WARN_STRICT_PROTOTYPES = YES;
				CLANG_WARN_SUSPICIOUS_MOVE = YES;
				CLANG_WARN_UNGUARDED_AVAILABILITY = YES_AGGRESSIVE;
				CLANG_WARN_UNREACHABLE_CODE = YES;
				CLANG_WARN__DUPLICATE_METHOD_MATCH = YES;
				COPY_PHASE_STRIP = NO;
				DEBUG_INFORMATION_FORMAT = "dwarf-with-dsym";
				ENABLE_NS_ASSERTIONS = NO;
				ENABLE_STRICT_OBJC_MSGSEND = YES;
				GCC_C_LANGUAGE_STANDARD = gnu11;
				GCC_NO_COMMON_BLOCKS = YES;
				GCC_WARN_64_TO_32_BIT_CONVERSION = YES;
				GCC_WARN_ABOUT_RETURN_TYPE = YES_ERROR;
				GCC_WARN_UNDECLARED_SELECTOR = YES;
				GCC_WARN_UNINITIALIZED_AUTOS = YES_AGGRESSIVE;
				GCC_WARN_UNUSED_FUNCTION = YES;
				GCC_WARN_UNUSED_VARIABLE = YES;
				IPHONEOS_DEPLOYMENT_TARGET = 16.4;
				MTL_ENABLE_DEBUG_INFO = NO;
				MTL_FAST_MATH = YES;
				SDKROOT = iphoneos;
				SWIFT_COMPILATION_MODE = wholemodule;
				SWIFT_OPTIMIZATION_LEVEL = "-O";
				VALIDATE_PRODUCT = YES;
			};
			name = Release;
		};
		813561812C68FBFF00DA2BE6 /* Debug */ = {
			isa = XCBuildConfiguration;
			baseConfigurationReference = 1A0A1893F9AA25A7054BA66D /* Pods-SportsApp.debug.xcconfig */;
			buildSettings = {
				ASSETCATALOG_COMPILER_APPICON_NAME = AppIcon;
				ASSETCATALOG_COMPILER_GLOBAL_ACCENT_COLOR_NAME = AccentColor;
				CODE_SIGN_STYLE = Automatic;
				CURRENT_PROJECT_VERSION = 1;
				GENERATE_INFOPLIST_FILE = YES;
				INFOPLIST_FILE = SportsApp/Info.plist;
				INFOPLIST_KEY_UIApplicationSupportsIndirectInputEvents = YES;
				INFOPLIST_KEY_UILaunchStoryboardName = LaunchScreen;
				INFOPLIST_KEY_UIMainStoryboardFile = Main;
				INFOPLIST_KEY_UISupportedInterfaceOrientations_iPad = "UIInterfaceOrientationPortrait UIInterfaceOrientationPortraitUpsideDown UIInterfaceOrientationLandscapeLeft UIInterfaceOrientationLandscapeRight";
				INFOPLIST_KEY_UISupportedInterfaceOrientations_iPhone = "UIInterfaceOrientationPortrait UIInterfaceOrientationLandscapeLeft UIInterfaceOrientationLandscapeRight";
				LD_RUNPATH_SEARCH_PATHS = (
					"$(inherited)",
					"@executable_path/Frameworks",
				);
				MARKETING_VERSION = 1.0;
				PRODUCT_BUNDLE_IDENTIFIER = home.SportsApp;
				PRODUCT_NAME = "$(TARGET_NAME)";
				SWIFT_EMIT_LOC_STRINGS = YES;
				SWIFT_VERSION = 5.0;
				TARGETED_DEVICE_FAMILY = "1,2";
			};
			name = Debug;
		};
		813561822C68FBFF00DA2BE6 /* Release */ = {
			isa = XCBuildConfiguration;
			baseConfigurationReference = 2ADAFB2EA137776E54800799 /* Pods-SportsApp.release.xcconfig */;
			buildSettings = {
				ASSETCATALOG_COMPILER_APPICON_NAME = AppIcon;
				ASSETCATALOG_COMPILER_GLOBAL_ACCENT_COLOR_NAME = AccentColor;
				CODE_SIGN_STYLE = Automatic;
				CURRENT_PROJECT_VERSION = 1;
				GENERATE_INFOPLIST_FILE = YES;
				INFOPLIST_FILE = SportsApp/Info.plist;
				INFOPLIST_KEY_UIApplicationSupportsIndirectInputEvents = YES;
				INFOPLIST_KEY_UILaunchStoryboardName = LaunchScreen;
				INFOPLIST_KEY_UIMainStoryboardFile = Main;
				INFOPLIST_KEY_UISupportedInterfaceOrientations_iPad = "UIInterfaceOrientationPortrait UIInterfaceOrientationPortraitUpsideDown UIInterfaceOrientationLandscapeLeft UIInterfaceOrientationLandscapeRight";
				INFOPLIST_KEY_UISupportedInterfaceOrientations_iPhone = "UIInterfaceOrientationPortrait UIInterfaceOrientationLandscapeLeft UIInterfaceOrientationLandscapeRight";
				LD_RUNPATH_SEARCH_PATHS = (
					"$(inherited)",
					"@executable_path/Frameworks",
				);
				MARKETING_VERSION = 1.0;
				PRODUCT_BUNDLE_IDENTIFIER = home.SportsApp;
				PRODUCT_NAME = "$(TARGET_NAME)";
				SWIFT_EMIT_LOC_STRINGS = YES;
				SWIFT_VERSION = 5.0;
				TARGETED_DEVICE_FAMILY = "1,2";
			};
			name = Release;
		};
		F4BF18392C73AAC900DDDF50 /* Debug */ = {
			isa = XCBuildConfiguration;
			buildSettings = {
				ASSETCATALOG_COMPILER_GENERATE_SWIFT_ASSET_SYMBOL_EXTENSIONS = YES;
				BUNDLE_LOADER = "$(TEST_HOST)";
				CODE_SIGN_STYLE = Automatic;
				CURRENT_PROJECT_VERSION = 1;
				ENABLE_USER_SCRIPT_SANDBOXING = YES;
				GCC_C_LANGUAGE_STANDARD = gnu17;
				GENERATE_INFOPLIST_FILE = YES;
				IPHONEOS_DEPLOYMENT_TARGET = 17.5;
				LOCALIZATION_PREFERS_STRING_CATALOGS = YES;
				MACOSX_DEPLOYMENT_TARGET = 14.5;
				MARKETING_VERSION = 1.0;
				PRODUCT_BUNDLE_IDENTIFIER = com.michael.SportsAppTests;
				PRODUCT_NAME = "$(TARGET_NAME)";
				SDKROOT = auto;
				SUPPORTED_PLATFORMS = "iphoneos iphonesimulator macosx";
				SWIFT_ACTIVE_COMPILATION_CONDITIONS = "DEBUG $(inherited)";
				SWIFT_EMIT_LOC_STRINGS = NO;
				SWIFT_VERSION = 5.0;
				TARGETED_DEVICE_FAMILY = "1,2";
				TEST_HOST = "$(BUILT_PRODUCTS_DIR)/SportsApp.app/$(BUNDLE_EXECUTABLE_FOLDER_PATH)/SportsApp";
			};
			name = Debug;
		};
		F4BF183A2C73AAC900DDDF50 /* Release */ = {
			isa = XCBuildConfiguration;
			buildSettings = {
				ASSETCATALOG_COMPILER_GENERATE_SWIFT_ASSET_SYMBOL_EXTENSIONS = YES;
				BUNDLE_LOADER = "$(TEST_HOST)";
				CODE_SIGN_STYLE = Automatic;
				CURRENT_PROJECT_VERSION = 1;
				ENABLE_USER_SCRIPT_SANDBOXING = YES;
				GCC_C_LANGUAGE_STANDARD = gnu17;
				GENERATE_INFOPLIST_FILE = YES;
				IPHONEOS_DEPLOYMENT_TARGET = 17.5;
				LOCALIZATION_PREFERS_STRING_CATALOGS = YES;
				MACOSX_DEPLOYMENT_TARGET = 14.5;
				MARKETING_VERSION = 1.0;
				PRODUCT_BUNDLE_IDENTIFIER = com.michael.SportsAppTests;
				PRODUCT_NAME = "$(TARGET_NAME)";
				SDKROOT = auto;
				SUPPORTED_PLATFORMS = "iphoneos iphonesimulator macosx";
				SWIFT_EMIT_LOC_STRINGS = NO;
				SWIFT_VERSION = 5.0;
				TARGETED_DEVICE_FAMILY = "1,2";
				TEST_HOST = "$(BUILT_PRODUCTS_DIR)/SportsApp.app/$(BUNDLE_EXECUTABLE_FOLDER_PATH)/SportsApp";
			};
			name = Release;
		};
/* End XCBuildConfiguration section */

/* Begin XCConfigurationList section */
		813561642C68FBFD00DA2BE6 /* Build configuration list for PBXProject "SportsApp" */ = {
			isa = XCConfigurationList;
			buildConfigurations = (
				8135617E2C68FBFF00DA2BE6 /* Debug */,
				8135617F2C68FBFF00DA2BE6 /* Release */,
			);
			defaultConfigurationIsVisible = 0;
			defaultConfigurationName = Release;
		};
		813561802C68FBFF00DA2BE6 /* Build configuration list for PBXNativeTarget "SportsApp" */ = {
			isa = XCConfigurationList;
			buildConfigurations = (
				813561812C68FBFF00DA2BE6 /* Debug */,
				813561822C68FBFF00DA2BE6 /* Release */,
			);
			defaultConfigurationIsVisible = 0;
			defaultConfigurationName = Release;
		};
		F4BF183B2C73AAC900DDDF50 /* Build configuration list for PBXNativeTarget "SportsAppTests" */ = {
			isa = XCConfigurationList;
			buildConfigurations = (
				F4BF18392C73AAC900DDDF50 /* Debug */,
				F4BF183A2C73AAC900DDDF50 /* Release */,
			);
			defaultConfigurationIsVisible = 0;
			defaultConfigurationName = Release;
		};
/* End XCConfigurationList section */

/* Begin XCVersionGroup section */
		813561752C68FBFD00DA2BE6 /* SportsApp.xcdatamodeld */ = {
			isa = XCVersionGroup;
			children = (
				813561762C68FBFD00DA2BE6 /* SportsApp.xcdatamodel */,
			);
			currentVersion = 813561762C68FBFD00DA2BE6 /* SportsApp.xcdatamodel */;
			path = SportsApp.xcdatamodeld;
			sourceTree = "<group>";
			versionGroupType = wrapper.xcdatamodel;
		};
/* End XCVersionGroup section */
	};
	rootObject = 813561612C68FBFD00DA2BE6 /* Project object */;
}
